// !$*UTF8*$!
{
	archiveVersion = 1;
	classes = {
	};
	objectVersion = 50;
	objects = {

/* Begin PBXBuildFile section */
		05E2978C693B9040FF0632F1 /* Pods_iOSUtils.framework in Frameworks */ = {isa = PBXBuildFile; fileRef = 5BF79F566FA4FCFB5C2B8E0C /* Pods_iOSUtils.framework */; };
		7708141D21ACD3A6000C3238 /* UserDefaultUtils.swift in Sources */ = {isa = PBXBuildFile; fileRef = 7708141C21ACD3A6000C3238 /* UserDefaultUtils.swift */; };
		7708141F21ACD3E1000C3238 /* LocationUtils.swift in Sources */ = {isa = PBXBuildFile; fileRef = 7708141E21ACD3E1000C3238 /* LocationUtils.swift */; };
		7757C7CF21A4F26F0037999C /* AppDelegate.swift in Sources */ = {isa = PBXBuildFile; fileRef = 7757C7CE21A4F26F0037999C /* AppDelegate.swift */; };
		7757C7D121A4F26F0037999C /* ViewController.swift in Sources */ = {isa = PBXBuildFile; fileRef = 7757C7D021A4F26F0037999C /* ViewController.swift */; };
		7757C7D421A4F26F0037999C /* Main.storyboard in Resources */ = {isa = PBXBuildFile; fileRef = 7757C7D221A4F26F0037999C /* Main.storyboard */; };
		7757C7D621A4F2700037999C /* Assets.xcassets in Resources */ = {isa = PBXBuildFile; fileRef = 7757C7D521A4F2700037999C /* Assets.xcassets */; };
		7757C7D921A4F2700037999C /* LaunchScreen.storyboard in Resources */ = {isa = PBXBuildFile; fileRef = 7757C7D721A4F2700037999C /* LaunchScreen.storyboard */; };
		7757C7E421A4F2700037999C /* iOSUtilsTests.swift in Sources */ = {isa = PBXBuildFile; fileRef = 7757C7E321A4F2700037999C /* iOSUtilsTests.swift */; };
		7757C7EF21A4F2700037999C /* iOSUtilsUITests.swift in Sources */ = {isa = PBXBuildFile; fileRef = 7757C7EE21A4F2700037999C /* iOSUtilsUITests.swift */; };
		7757C7FE21A4FBD80037999C /* ToastUtils.swift in Sources */ = {isa = PBXBuildFile; fileRef = 7757C7FD21A4FBD80037999C /* ToastUtils.swift */; };
		7757C80221A4FBF30037999C /* FileUtils.swift in Sources */ = {isa = PBXBuildFile; fileRef = 7757C80121A4FBF30037999C /* FileUtils.swift */; };
		7757C80421A4FBFC0037999C /* DeviceUtils.swift in Sources */ = {isa = PBXBuildFile; fileRef = 7757C80321A4FBFC0037999C /* DeviceUtils.swift */; };
		77A0192321C9E3F700E96821 /* LocalizeUtils.swift in Sources */ = {isa = PBXBuildFile; fileRef = 77A0192221C9E3F700E96821 /* LocalizeUtils.swift */; };
		D5B4301553DC7E7ADF0B6CFB /* Pods_iOSUtilsTests.framework in Frameworks */ = {isa = PBXBuildFile; fileRef = F7C076324AE2857104CA3303 /* Pods_iOSUtilsTests.framework */; };
		E03120274E0DDAD2FFBD904B /* Pods_iOSUtilsUITests.framework in Frameworks */ = {isa = PBXBuildFile; fileRef = 9361F7A2966C7F1609C0164E /* Pods_iOSUtilsUITests.framework */; };
/* End PBXBuildFile section */

/* Begin PBXContainerItemProxy section */
		7757C7E021A4F2700037999C /* PBXContainerItemProxy */ = {
			isa = PBXContainerItemProxy;
			containerPortal = 7757C7C321A4F26F0037999C /* Project object */;
			proxyType = 1;
			remoteGlobalIDString = 7757C7CA21A4F26F0037999C;
			remoteInfo = iOSUtils;
		};
		7757C7EB21A4F2700037999C /* PBXContainerItemProxy */ = {
			isa = PBXContainerItemProxy;
			containerPortal = 7757C7C321A4F26F0037999C /* Project object */;
			proxyType = 1;
			remoteGlobalIDString = 7757C7CA21A4F26F0037999C;
			remoteInfo = iOSUtils;
		};
/* End PBXContainerItemProxy section */

/* Begin PBXFileReference section */
		00A2988FB48275144C3E335C /* Pods-iOSUtilsTests.release.xcconfig */ = {isa = PBXFileReference; includeInIndex = 1; lastKnownFileType = text.xcconfig; name = "Pods-iOSUtilsTests.release.xcconfig"; path = "Pods/Target Support Files/Pods-iOSUtilsTests/Pods-iOSUtilsTests.release.xcconfig"; sourceTree = "<group>"; };
		22948377D604F7C5AC8DD52D /* Pods-iOSUtilsUITests.debug.xcconfig */ = {isa = PBXFileReference; includeInIndex = 1; lastKnownFileType = text.xcconfig; name = "Pods-iOSUtilsUITests.debug.xcconfig"; path = "Pods/Target Support Files/Pods-iOSUtilsUITests/Pods-iOSUtilsUITests.debug.xcconfig"; sourceTree = "<group>"; };
		387A6A6B6E00A2E171679A2F /* Pods-iOSUtils.release.xcconfig */ = {isa = PBXFileReference; includeInIndex = 1; lastKnownFileType = text.xcconfig; name = "Pods-iOSUtils.release.xcconfig"; path = "Pods/Target Support Files/Pods-iOSUtils/Pods-iOSUtils.release.xcconfig"; sourceTree = "<group>"; };
		5BF79F566FA4FCFB5C2B8E0C /* Pods_iOSUtils.framework */ = {isa = PBXFileReference; explicitFileType = wrapper.framework; includeInIndex = 0; path = Pods_iOSUtils.framework; sourceTree = BUILT_PRODUCTS_DIR; };
		6A13B6A555DE844A73C490E6 /* Pods-iOSUtilsUITests.release.xcconfig */ = {isa = PBXFileReference; includeInIndex = 1; lastKnownFileType = text.xcconfig; name = "Pods-iOSUtilsUITests.release.xcconfig"; path = "Pods/Target Support Files/Pods-iOSUtilsUITests/Pods-iOSUtilsUITests.release.xcconfig"; sourceTree = "<group>"; };
		7708141C21ACD3A6000C3238 /* UserDefaultUtils.swift */ = {isa = PBXFileReference; lastKnownFileType = sourcecode.swift; path = UserDefaultUtils.swift; sourceTree = "<group>"; };
		7708141E21ACD3E1000C3238 /* LocationUtils.swift */ = {isa = PBXFileReference; lastKnownFileType = sourcecode.swift; path = LocationUtils.swift; sourceTree = "<group>"; };
		7757C7CB21A4F26F0037999C /* iOSUtils.app */ = {isa = PBXFileReference; explicitFileType = wrapper.application; includeInIndex = 0; path = iOSUtils.app; sourceTree = BUILT_PRODUCTS_DIR; };
		7757C7CE21A4F26F0037999C /* AppDelegate.swift */ = {isa = PBXFileReference; lastKnownFileType = sourcecode.swift; path = AppDelegate.swift; sourceTree = "<group>"; };
		7757C7D021A4F26F0037999C /* ViewController.swift */ = {isa = PBXFileReference; lastKnownFileType = sourcecode.swift; path = ViewController.swift; sourceTree = "<group>"; };
		7757C7D321A4F26F0037999C /* Base */ = {isa = PBXFileReference; lastKnownFileType = file.storyboard; name = Base; path = Base.lproj/Main.storyboard; sourceTree = "<group>"; };
		7757C7D521A4F2700037999C /* Assets.xcassets */ = {isa = PBXFileReference; lastKnownFileType = folder.assetcatalog; path = Assets.xcassets; sourceTree = "<group>"; };
		7757C7D821A4F2700037999C /* Base */ = {isa = PBXFileReference; lastKnownFileType = file.storyboard; name = Base; path = Base.lproj/LaunchScreen.storyboard; sourceTree = "<group>"; };
		7757C7DA21A4F2700037999C /* Info.plist */ = {isa = PBXFileReference; lastKnownFileType = text.plist.xml; path = Info.plist; sourceTree = "<group>"; };
		7757C7DF21A4F2700037999C /* iOSUtilsTests.xctest */ = {isa = PBXFileReference; explicitFileType = wrapper.cfbundle; includeInIndex = 0; path = iOSUtilsTests.xctest; sourceTree = BUILT_PRODUCTS_DIR; };
		7757C7E321A4F2700037999C /* iOSUtilsTests.swift */ = {isa = PBXFileReference; lastKnownFileType = sourcecode.swift; path = iOSUtilsTests.swift; sourceTree = "<group>"; };
		7757C7E521A4F2700037999C /* Info.plist */ = {isa = PBXFileReference; lastKnownFileType = text.plist.xml; path = Info.plist; sourceTree = "<group>"; };
		7757C7EA21A4F2700037999C /* iOSUtilsUITests.xctest */ = {isa = PBXFileReference; explicitFileType = wrapper.cfbundle; includeInIndex = 0; path = iOSUtilsUITests.xctest; sourceTree = BUILT_PRODUCTS_DIR; };
		7757C7EE21A4F2700037999C /* iOSUtilsUITests.swift */ = {isa = PBXFileReference; lastKnownFileType = sourcecode.swift; path = iOSUtilsUITests.swift; sourceTree = "<group>"; };
		7757C7F021A4F2700037999C /* Info.plist */ = {isa = PBXFileReference; lastKnownFileType = text.plist.xml; path = Info.plist; sourceTree = "<group>"; };
		7757C7FD21A4FBD80037999C /* ToastUtils.swift */ = {isa = PBXFileReference; lastKnownFileType = sourcecode.swift; path = ToastUtils.swift; sourceTree = "<group>"; };
		7757C80121A4FBF30037999C /* FileUtils.swift */ = {isa = PBXFileReference; lastKnownFileType = sourcecode.swift; path = FileUtils.swift; sourceTree = "<group>"; };
		7757C80321A4FBFC0037999C /* DeviceUtils.swift */ = {isa = PBXFileReference; lastKnownFileType = sourcecode.swift; path = DeviceUtils.swift; sourceTree = "<group>"; };
		77A0192221C9E3F700E96821 /* LocalizeUtils.swift */ = {isa = PBXFileReference; lastKnownFileType = sourcecode.swift; path = LocalizeUtils.swift; sourceTree = "<group>"; };
		9361F7A2966C7F1609C0164E /* Pods_iOSUtilsUITests.framework */ = {isa = PBXFileReference; explicitFileType = wrapper.framework; includeInIndex = 0; path = Pods_iOSUtilsUITests.framework; sourceTree = BUILT_PRODUCTS_DIR; };
		BC8565B02917914F8E4E23E8 /* Pods-iOSUtilsTests.debug.xcconfig */ = {isa = PBXFileReference; includeInIndex = 1; lastKnownFileType = text.xcconfig; name = "Pods-iOSUtilsTests.debug.xcconfig"; path = "Pods/Target Support Files/Pods-iOSUtilsTests/Pods-iOSUtilsTests.debug.xcconfig"; sourceTree = "<group>"; };
		EF08CD3135B7AA998B03AC61 /* Pods-iOSUtils.debug.xcconfig */ = {isa = PBXFileReference; includeInIndex = 1; lastKnownFileType = text.xcconfig; name = "Pods-iOSUtils.debug.xcconfig"; path = "Pods/Target Support Files/Pods-iOSUtils/Pods-iOSUtils.debug.xcconfig"; sourceTree = "<group>"; };
		F7C076324AE2857104CA3303 /* Pods_iOSUtilsTests.framework */ = {isa = PBXFileReference; explicitFileType = wrapper.framework; includeInIndex = 0; path = Pods_iOSUtilsTests.framework; sourceTree = BUILT_PRODUCTS_DIR; };
/* End PBXFileReference section */

/* Begin PBXFrameworksBuildPhase section */
		7757C7C821A4F26F0037999C /* Frameworks */ = {
			isa = PBXFrameworksBuildPhase;
			buildActionMask = 2147483647;
			files = (
				05E2978C693B9040FF0632F1 /* Pods_iOSUtils.framework in Frameworks */,
			);
			runOnlyForDeploymentPostprocessing = 0;
		};
		7757C7DC21A4F2700037999C /* Frameworks */ = {
			isa = PBXFrameworksBuildPhase;
			buildActionMask = 2147483647;
			files = (
				D5B4301553DC7E7ADF0B6CFB /* Pods_iOSUtilsTests.framework in Frameworks */,
			);
			runOnlyForDeploymentPostprocessing = 0;
		};
		7757C7E721A4F2700037999C /* Frameworks */ = {
			isa = PBXFrameworksBuildPhase;
			buildActionMask = 2147483647;
			files = (
				E03120274E0DDAD2FFBD904B /* Pods_iOSUtilsUITests.framework in Frameworks */,
			);
			runOnlyForDeploymentPostprocessing = 0;
		};
/* End PBXFrameworksBuildPhase section */

/* Begin PBXGroup section */
		774FC75A21C8E591005553D3 /* Utils */ = {
			isa = PBXGroup;
			children = (
				7757C7FD21A4FBD80037999C /* ToastUtils.swift */,
				7757C80121A4FBF30037999C /* FileUtils.swift */,
				7757C80321A4FBFC0037999C /* DeviceUtils.swift */,
				77A0192221C9E3F700E96821 /* LocalizeUtils.swift */,
				7708141C21ACD3A6000C3238 /* UserDefaultUtils.swift */,
				7708141E21ACD3E1000C3238 /* LocationUtils.swift */,
			);
			path = Utils;
			sourceTree = "<group>";
		};
		7757C7C221A4F26F0037999C = {
			isa = PBXGroup;
			children = (
				7757C7CD21A4F26F0037999C /* iOSUtils */,
				774FC75A21C8E591005553D3 /* Utils */,
				7757C7E221A4F2700037999C /* iOSUtilsTests */,
				7757C7ED21A4F2700037999C /* iOSUtilsUITests */,
				7757C7CC21A4F26F0037999C /* Products */,
				8F52182243D917A217C31F1B /* Pods */,
				E280F93D9B638A72C371852D /* Frameworks */,
			);
			sourceTree = "<group>";
		};
		7757C7CC21A4F26F0037999C /* Products */ = {
			isa = PBXGroup;
			children = (
				7757C7CB21A4F26F0037999C /* iOSUtils.app */,
				7757C7DF21A4F2700037999C /* iOSUtilsTests.xctest */,
				7757C7EA21A4F2700037999C /* iOSUtilsUITests.xctest */,
			);
			name = Products;
			sourceTree = "<group>";
		};
		7757C7CD21A4F26F0037999C /* iOSUtils */ = {
			isa = PBXGroup;
			children = (
				7757C7CE21A4F26F0037999C /* AppDelegate.swift */,
				7757C7D021A4F26F0037999C /* ViewController.swift */,
				7757C7D221A4F26F0037999C /* Main.storyboard */,
				7757C7D521A4F2700037999C /* Assets.xcassets */,
				7757C7D721A4F2700037999C /* LaunchScreen.storyboard */,
				7757C7DA21A4F2700037999C /* Info.plist */,
			);
			path = iOSUtils;
			sourceTree = "<group>";
		};
		7757C7E221A4F2700037999C /* iOSUtilsTests */ = {
			isa = PBXGroup;
			children = (
				7757C7E321A4F2700037999C /* iOSUtilsTests.swift */,
				7757C7E521A4F2700037999C /* Info.plist */,
			);
			path = iOSUtilsTests;
			sourceTree = "<group>";
		};
		7757C7ED21A4F2700037999C /* iOSUtilsUITests */ = {
			isa = PBXGroup;
			children = (
				7757C7EE21A4F2700037999C /* iOSUtilsUITests.swift */,
				7757C7F021A4F2700037999C /* Info.plist */,
			);
			path = iOSUtilsUITests;
			sourceTree = "<group>";
		};
		8F52182243D917A217C31F1B /* Pods */ = {
			isa = PBXGroup;
			children = (
				EF08CD3135B7AA998B03AC61 /* Pods-iOSUtils.debug.xcconfig */,
				387A6A6B6E00A2E171679A2F /* Pods-iOSUtils.release.xcconfig */,
				BC8565B02917914F8E4E23E8 /* Pods-iOSUtilsTests.debug.xcconfig */,
				00A2988FB48275144C3E335C /* Pods-iOSUtilsTests.release.xcconfig */,
				22948377D604F7C5AC8DD52D /* Pods-iOSUtilsUITests.debug.xcconfig */,
				6A13B6A555DE844A73C490E6 /* Pods-iOSUtilsUITests.release.xcconfig */,
			);
			name = Pods;
			sourceTree = "<group>";
		};
		E280F93D9B638A72C371852D /* Frameworks */ = {
			isa = PBXGroup;
			children = (
				5BF79F566FA4FCFB5C2B8E0C /* Pods_iOSUtils.framework */,
				F7C076324AE2857104CA3303 /* Pods_iOSUtilsTests.framework */,
				9361F7A2966C7F1609C0164E /* Pods_iOSUtilsUITests.framework */,
			);
			name = Frameworks;
			sourceTree = "<group>";
		};
/* End PBXGroup section */

/* Begin PBXNativeTarget section */
		7757C7CA21A4F26F0037999C /* iOSUtils */ = {
			isa = PBXNativeTarget;
			buildConfigurationList = 7757C7F321A4F2700037999C /* Build configuration list for PBXNativeTarget "iOSUtils" */;
			buildPhases = (
				7D93B0984E4F38F222276B50 /* [CP] Check Pods Manifest.lock */,
				7757C7C721A4F26F0037999C /* Sources */,
				7757C7C821A4F26F0037999C /* Frameworks */,
				7757C7C921A4F26F0037999C /* Resources */,
			);
			buildRules = (
			);
			dependencies = (
			);
			name = iOSUtils;
			productName = iOSUtils;
			productReference = 7757C7CB21A4F26F0037999C /* iOSUtils.app */;
			productType = "com.apple.product-type.application";
		};
		7757C7DE21A4F2700037999C /* iOSUtilsTests */ = {
			isa = PBXNativeTarget;
			buildConfigurationList = 7757C7F621A4F2700037999C /* Build configuration list for PBXNativeTarget "iOSUtilsTests" */;
			buildPhases = (
				B4FF474DA5E880E198070E15 /* [CP] Check Pods Manifest.lock */,
				7757C7DB21A4F2700037999C /* Sources */,
				7757C7DC21A4F2700037999C /* Frameworks */,
				7757C7DD21A4F2700037999C /* Resources */,
			);
			buildRules = (
			);
			dependencies = (
				7757C7E121A4F2700037999C /* PBXTargetDependency */,
			);
			name = iOSUtilsTests;
			productName = iOSUtilsTests;
			productReference = 7757C7DF21A4F2700037999C /* iOSUtilsTests.xctest */;
			productType = "com.apple.product-type.bundle.unit-test";
		};
		7757C7E921A4F2700037999C /* iOSUtilsUITests */ = {
			isa = PBXNativeTarget;
			buildConfigurationList = 7757C7F921A4F2700037999C /* Build configuration list for PBXNativeTarget "iOSUtilsUITests" */;
			buildPhases = (
				C30F1B0822893930A98644C5 /* [CP] Check Pods Manifest.lock */,
				7757C7E621A4F2700037999C /* Sources */,
				7757C7E721A4F2700037999C /* Frameworks */,
				7757C7E821A4F2700037999C /* Resources */,
			);
			buildRules = (
			);
			dependencies = (
				7757C7EC21A4F2700037999C /* PBXTargetDependency */,
			);
			name = iOSUtilsUITests;
			productName = iOSUtilsUITests;
			productReference = 7757C7EA21A4F2700037999C /* iOSUtilsUITests.xctest */;
			productType = "com.apple.product-type.bundle.ui-testing";
		};
/* End PBXNativeTarget section */

/* Begin PBXProject section */
		7757C7C321A4F26F0037999C /* Project object */ = {
			isa = PBXProject;
			attributes = {
				LastSwiftUpdateCheck = 1000;
				LastUpgradeCheck = 1000;
				ORGANIZATIONNAME = wushhhhhh;
				TargetAttributes = {
					7757C7CA21A4F26F0037999C = {
						CreatedOnToolsVersion = 10.0;
					};
					7757C7DE21A4F2700037999C = {
						CreatedOnToolsVersion = 10.0;
						TestTargetID = 7757C7CA21A4F26F0037999C;
					};
					7757C7E921A4F2700037999C = {
						CreatedOnToolsVersion = 10.0;
						TestTargetID = 7757C7CA21A4F26F0037999C;
					};
				};
			};
			buildConfigurationList = 7757C7C621A4F26F0037999C /* Build configuration list for PBXProject "iOSUtils" */;
			compatibilityVersion = "Xcode 9.3";
			developmentRegion = en;
			hasScannedForEncodings = 0;
			knownRegions = (
				en,
				Base,
			);
			mainGroup = 7757C7C221A4F26F0037999C;
			productRefGroup = 7757C7CC21A4F26F0037999C /* Products */;
			projectDirPath = "";
			projectRoot = "";
			targets = (
				7757C7CA21A4F26F0037999C /* iOSUtils */,
				7757C7DE21A4F2700037999C /* iOSUtilsTests */,
				7757C7E921A4F2700037999C /* iOSUtilsUITests */,
			);
		};
/* End PBXProject section */

/* Begin PBXResourcesBuildPhase section */
		7757C7C921A4F26F0037999C /* Resources */ = {
			isa = PBXResourcesBuildPhase;
			buildActionMask = 2147483647;
			files = (
				7757C7D921A4F2700037999C /* LaunchScreen.storyboard in Resources */,
				7757C7D621A4F2700037999C /* Assets.xcassets in Resources */,
				7757C7D421A4F26F0037999C /* Main.storyboard in Resources */,
			);
			runOnlyForDeploymentPostprocessing = 0;
		};
		7757C7DD21A4F2700037999C /* Resources */ = {
			isa = PBXResourcesBuildPhase;
			buildActionMask = 2147483647;
			files = (
			);
			runOnlyForDeploymentPostprocessing = 0;
		};
		7757C7E821A4F2700037999C /* Resources */ = {
			isa = PBXResourcesBuildPhase;
			buildActionMask = 2147483647;
			files = (
			);
			runOnlyForDeploymentPostprocessing = 0;
		};
/* End PBXResourcesBuildPhase section */

/* Begin PBXShellScriptBuildPhase section */
		7D93B0984E4F38F222276B50 /* [CP] Check Pods Manifest.lock */ = {
			isa = PBXShellScriptBuildPhase;
			buildActionMask = 2147483647;
			files = (
			);
			inputPaths = (
				"${PODS_PODFILE_DIR_PATH}/Podfile.lock",
				"${PODS_ROOT}/Manifest.lock",
			);
			name = "[CP] Check Pods Manifest.lock";
			outputPaths = (
				"$(DERIVED_FILE_DIR)/Pods-iOSUtils-checkManifestLockResult.txt",
			);
			runOnlyForDeploymentPostprocessing = 0;
			shellPath = /bin/sh;
			shellScript = "diff \"${PODS_PODFILE_DIR_PATH}/Podfile.lock\" \"${PODS_ROOT}/Manifest.lock\" > /dev/null\nif [ $? != 0 ] ; then\n    # print error to STDERR\n    echo \"error: The sandbox is not in sync with the Podfile.lock. Run 'pod install' or update your CocoaPods installation.\" >&2\n    exit 1\nfi\n# This output is used by Xcode 'outputs' to avoid re-running this script phase.\necho \"SUCCESS\" > \"${SCRIPT_OUTPUT_FILE_0}\"\n";
			showEnvVarsInLog = 0;
		};
		B4FF474DA5E880E198070E15 /* [CP] Check Pods Manifest.lock */ = {
			isa = PBXShellScriptBuildPhase;
			buildActionMask = 2147483647;
			files = (
			);
			inputPaths = (
				"${PODS_PODFILE_DIR_PATH}/Podfile.lock",
				"${PODS_ROOT}/Manifest.lock",
			);
			name = "[CP] Check Pods Manifest.lock";
			outputPaths = (
				"$(DERIVED_FILE_DIR)/Pods-iOSUtilsTests-checkManifestLockResult.txt",
			);
			runOnlyForDeploymentPostprocessing = 0;
			shellPath = /bin/sh;
			shellScript = "diff \"${PODS_PODFILE_DIR_PATH}/Podfile.lock\" \"${PODS_ROOT}/Manifest.lock\" > /dev/null\nif [ $? != 0 ] ; then\n    # print error to STDERR\n    echo \"error: The sandbox is not in sync with the Podfile.lock. Run 'pod install' or update your CocoaPods installation.\" >&2\n    exit 1\nfi\n# This output is used by Xcode 'outputs' to avoid re-running this script phase.\necho \"SUCCESS\" > \"${SCRIPT_OUTPUT_FILE_0}\"\n";
			showEnvVarsInLog = 0;
		};
		C30F1B0822893930A98644C5 /* [CP] Check Pods Manifest.lock */ = {
			isa = PBXShellScriptBuildPhase;
			buildActionMask = 2147483647;
			files = (
			);
			inputPaths = (
				"${PODS_PODFILE_DIR_PATH}/Podfile.lock",
				"${PODS_ROOT}/Manifest.lock",
			);
			name = "[CP] Check Pods Manifest.lock";
			outputPaths = (
				"$(DERIVED_FILE_DIR)/Pods-iOSUtilsUITests-checkManifestLockResult.txt",
			);
			runOnlyForDeploymentPostprocessing = 0;
			shellPath = /bin/sh;
			shellScript = "diff \"${PODS_PODFILE_DIR_PATH}/Podfile.lock\" \"${PODS_ROOT}/Manifest.lock\" > /dev/null\nif [ $? != 0 ] ; then\n    # print error to STDERR\n    echo \"error: The sandbox is not in sync with the Podfile.lock. Run 'pod install' or update your CocoaPods installation.\" >&2\n    exit 1\nfi\n# This output is used by Xcode 'outputs' to avoid re-running this script phase.\necho \"SUCCESS\" > \"${SCRIPT_OUTPUT_FILE_0}\"\n";
			showEnvVarsInLog = 0;
		};
/* End PBXShellScriptBuildPhase section */

/* Begin PBXSourcesBuildPhase section */
		7757C7C721A4F26F0037999C /* Sources */ = {
			isa = PBXSourcesBuildPhase;
			buildActionMask = 2147483647;
			files = (
				7708141F21ACD3E1000C3238 /* LocationUtils.swift in Sources */,
				7757C7FE21A4FBD80037999C /* ToastUtils.swift in Sources */,
				7757C80421A4FBFC0037999C /* DeviceUtils.swift in Sources */,
				7757C7D121A4F26F0037999C /* ViewController.swift in Sources */,
				7708141D21ACD3A6000C3238 /* UserDefaultUtils.swift in Sources */,
				7757C7CF21A4F26F0037999C /* AppDelegate.swift in Sources */,
				77A0192321C9E3F700E96821 /* LocalizeUtils.swift in Sources */,
				7757C80221A4FBF30037999C /* FileUtils.swift in Sources */,
			);
			runOnlyForDeploymentPostprocessing = 0;
		};
		7757C7DB21A4F2700037999C /* Sources */ = {
			isa = PBXSourcesBuildPhase;
			buildActionMask = 2147483647;
			files = (
				7757C7E421A4F2700037999C /* iOSUtilsTests.swift in Sources */,
			);
			runOnlyForDeploymentPostprocessing = 0;
		};
		7757C7E621A4F2700037999C /* Sources */ = {
			isa = PBXSourcesBuildPhase;
			buildActionMask = 2147483647;
			files = (
				7757C7EF21A4F2700037999C /* iOSUtilsUITests.swift in Sources */,
			);
			runOnlyForDeploymentPostprocessing = 0;
		};
/* End PBXSourcesBuildPhase section */

/* Begin PBXTargetDependency section */
		7757C7E121A4F2700037999C /* PBXTargetDependency */ = {
			isa = PBXTargetDependency;
			target = 7757C7CA21A4F26F0037999C /* iOSUtils */;
			targetProxy = 7757C7E021A4F2700037999C /* PBXContainerItemProxy */;
		};
		7757C7EC21A4F2700037999C /* PBXTargetDependency */ = {
			isa = PBXTargetDependency;
			target = 7757C7CA21A4F26F0037999C /* iOSUtils */;
			targetProxy = 7757C7EB21A4F2700037999C /* PBXContainerItemProxy */;
		};
/* End PBXTargetDependency section */

/* Begin PBXVariantGroup section */
		7757C7D221A4F26F0037999C /* Main.storyboard */ = {
			isa = PBXVariantGroup;
			children = (
				7757C7D321A4F26F0037999C /* Base */,
			);
			name = Main.storyboard;
			sourceTree = "<group>";
		};
		7757C7D721A4F2700037999C /* LaunchScreen.storyboard */ = {
			isa = PBXVariantGroup;
			children = (
				7757C7D821A4F2700037999C /* Base */,
			);
			name = LaunchScreen.storyboard;
			sourceTree = "<group>";
		};
/* End PBXVariantGroup section */

/* Begin XCBuildConfiguration section */
		7757C7F121A4F2700037999C /* Debug */ = {
			isa = XCBuildConfiguration;
			buildSettings = {
				ALWAYS_SEARCH_USER_PATHS = NO;
				CLANG_ANALYZER_NONNULL = YES;
				CLANG_ANALYZER_NUMBER_OBJECT_CONVERSION = YES_AGGRESSIVE;
				CLANG_CXX_LANGUAGE_STANDARD = "gnu++14";
				CLANG_CXX_LIBRARY = "libc++";
				CLANG_ENABLE_MODULES = YES;
				CLANG_ENABLE_OBJC_ARC = YES;
				CLANG_ENABLE_OBJC_WEAK = YES;
				CLANG_WARN_BLOCK_CAPTURE_AUTORELEASING = YES;
				CLANG_WARN_BOOL_CONVERSION = YES;
				CLANG_WARN_COMMA = YES;
				CLANG_WARN_CONSTANT_CONVERSION = YES;
				CLANG_WARN_DEPRECATED_OBJC_IMPLEMENTATIONS = YES;
				CLANG_WARN_DIRECT_OBJC_ISA_USAGE = YES_ERROR;
				CLANG_WARN_DOCUMENTATION_COMMENTS = YES;
				CLANG_WARN_EMPTY_BODY = YES;
				CLANG_WARN_ENUM_CONVERSION = YES;
				CLANG_WARN_INFINITE_RECURSION = YES;
				CLANG_WARN_INT_CONVERSION = YES;
				CLANG_WARN_NON_LITERAL_NULL_CONVERSION = YES;
				CLANG_WARN_OBJC_IMPLICIT_RETAIN_SELF = YES;
				CLANG_WARN_OBJC_LITERAL_CONVERSION = YES;
				CLANG_WARN_OBJC_ROOT_CLASS = YES_ERROR;
				CLANG_WARN_RANGE_LOOP_ANALYSIS = YES;
				CLANG_WARN_STRICT_PROTOTYPES = YES;
				CLANG_WARN_SUSPICIOUS_MOVE = YES;
				CLANG_WARN_UNGUARDED_AVAILABILITY = YES_AGGRESSIVE;
				CLANG_WARN_UNREACHABLE_CODE = YES;
				CLANG_WARN__DUPLICATE_METHOD_MATCH = YES;
				CODE_SIGN_IDENTITY = "iPhone Developer";
				COPY_PHASE_STRIP = NO;
				DEBUG_INFORMATION_FORMAT = "dwarf-with-dsym";
				ENABLE_STRICT_OBJC_MSGSEND = YES;
				ENABLE_TESTABILITY = YES;
				GCC_C_LANGUAGE_STANDARD = gnu11;
				GCC_DYNAMIC_NO_PIC = NO;
				GCC_NO_COMMON_BLOCKS = YES;
				GCC_OPTIMIZATION_LEVEL = 0;
				GCC_PREPROCESSOR_DEFINITIONS = (
					"DEBUG=1",
					"$(inherited)",
				);
				GCC_WARN_64_TO_32_BIT_CONVERSION = YES;
				GCC_WARN_ABOUT_RETURN_TYPE = YES_ERROR;
				GCC_WARN_UNDECLARED_SELECTOR = YES;
				GCC_WARN_UNINITIALIZED_AUTOS = YES_AGGRESSIVE;
				GCC_WARN_UNUSED_FUNCTION = YES;
				GCC_WARN_UNUSED_VARIABLE = YES;
				IPHONEOS_DEPLOYMENT_TARGET = 12.0;
				MTL_ENABLE_DEBUG_INFO = INCLUDE_SOURCE;
				MTL_FAST_MATH = YES;
				ONLY_ACTIVE_ARCH = YES;
				SDKROOT = iphoneos;
				SWIFT_ACTIVE_COMPILATION_CONDITIONS = DEBUG;
				SWIFT_OPTIMIZATION_LEVEL = "-Onone";
				SWIFT_VERSION = 4.2;
			};
			name = Debug;
		};
		7757C7F221A4F2700037999C /* Release */ = {
			isa = XCBuildConfiguration;
			buildSettings = {
				ALWAYS_SEARCH_USER_PATHS = NO;
				CLANG_ANALYZER_NONNULL = YES;
				CLANG_ANALYZER_NUMBER_OBJECT_CONVERSION = YES_AGGRESSIVE;
				CLANG_CXX_LANGUAGE_STANDARD = "gnu++14";
				CLANG_CXX_LIBRARY = "libc++";
				CLANG_ENABLE_MODULES = YES;
				CLANG_ENABLE_OBJC_ARC = YES;
				CLANG_ENABLE_OBJC_WEAK = YES;
				CLANG_WARN_BLOCK_CAPTURE_AUTORELEASING = YES;
				CLANG_WARN_BOOL_CONVERSION = YES;
				CLANG_WARN_COMMA = YES;
				CLANG_WARN_CONSTANT_CONVERSION = YES;
				CLANG_WARN_DEPRECATED_OBJC_IMPLEMENTATIONS = YES;
				CLANG_WARN_DIRECT_OBJC_ISA_USAGE = YES_ERROR;
				CLANG_WARN_DOCUMENTATION_COMMENTS = YES;
				CLANG_WARN_EMPTY_BODY = YES;
				CLANG_WARN_ENUM_CONVERSION = YES;
				CLANG_WARN_INFINITE_RECURSION = YES;
				CLANG_WARN_INT_CONVERSION = YES;
				CLANG_WARN_NON_LITERAL_NULL_CONVERSION = YES;
				CLANG_WARN_OBJC_IMPLICIT_RETAIN_SELF = YES;
				CLANG_WARN_OBJC_LITERAL_CONVERSION = YES;
				CLANG_WARN_OBJC_ROOT_CLASS = YES_ERROR;
				CLANG_WARN_RANGE_LOOP_ANALYSIS = YES;
				CLANG_WARN_STRICT_PROTOTYPES = YES;
				CLANG_WARN_SUSPICIOUS_MOVE = YES;
				CLANG_WARN_UNGUARDED_AVAILABILITY = YES_AGGRESSIVE;
				CLANG_WARN_UNREACHABLE_CODE = YES;
				CLANG_WARN__DUPLICATE_METHOD_MATCH = YES;
				CODE_SIGN_IDENTITY = "iPhone Developer";
				COPY_PHASE_STRIP = NO;
				DEBUG_INFORMATION_FORMAT = "dwarf-with-dsym";
				ENABLE_NS_ASSERTIONS = NO;
				ENABLE_STRICT_OBJC_MSGSEND = YES;
				GCC_C_LANGUAGE_STANDARD = gnu11;
				GCC_NO_COMMON_BLOCKS = YES;
				GCC_WARN_64_TO_32_BIT_CONVERSION = YES;
				GCC_WARN_ABOUT_RETURN_TYPE = YES_ERROR;
				GCC_WARN_UNDECLARED_SELECTOR = YES;
				GCC_WARN_UNINITIALIZED_AUTOS = YES_AGGRESSIVE;
				GCC_WARN_UNUSED_FUNCTION = YES;
				GCC_WARN_UNUSED_VARIABLE = YES;
				IPHONEOS_DEPLOYMENT_TARGET = 12.0;
				MTL_ENABLE_DEBUG_INFO = NO;
				MTL_FAST_MATH = YES;
				SDKROOT = iphoneos;
				SWIFT_COMPILATION_MODE = wholemodule;
				SWIFT_OPTIMIZATION_LEVEL = "-O";
				SWIFT_VERSION = 4.2;
				VALIDATE_PRODUCT = YES;
			};
			name = Release;
		};
		7757C7F421A4F2700037999C /* Debug */ = {
			isa = XCBuildConfiguration;
			baseConfigurationReference = EF08CD3135B7AA998B03AC61 /* Pods-iOSUtils.debug.xcconfig */;
			buildSettings = {
				ASSETCATALOG_COMPILER_APPICON_NAME = AppIcon;
				CODE_SIGN_STYLE = Automatic;
				DEBUG_INFORMATION_FORMAT = "dwarf-with-dsym";
				DEVELOPMENT_TEAM = 82KL4YM2V6;
				INFOPLIST_FILE = iOSUtils/Info.plist;
				IPHONEOS_DEPLOYMENT_TARGET = 10.0;
				LD_RUNPATH_SEARCH_PATHS = (
					"$(inherited)",
					"@executable_path/Frameworks",
				);
				PRODUCT_BUNDLE_IDENTIFIER = com.wushhhhhh.iOSUtils;
				PRODUCT_NAME = "$(TARGET_NAME)";
				SWIFT_VERSION = 5.0;
				TARGETED_DEVICE_FAMILY = 1;
			};
			name = Debug;
		};
		7757C7F521A4F2700037999C /* Release */ = {
			isa = XCBuildConfiguration;
			baseConfigurationReference = 387A6A6B6E00A2E171679A2F /* Pods-iOSUtils.release.xcconfig */;
			buildSettings = {
				ASSETCATALOG_COMPILER_APPICON_NAME = AppIcon;
				CODE_SIGN_STYLE = Automatic;
				DEBUG_INFORMATION_FORMAT = "dwarf-with-dsym";
				DEVELOPMENT_TEAM = 82KL4YM2V6;
				INFOPLIST_FILE = iOSUtils/Info.plist;
				IPHONEOS_DEPLOYMENT_TARGET = 10.0;
				LD_RUNPATH_SEARCH_PATHS = (
					"$(inherited)",
					"@executable_path/Frameworks",
				);
				PRODUCT_BUNDLE_IDENTIFIER = com.wushhhhhh.iOSUtils;
				PRODUCT_NAME = "$(TARGET_NAME)";
				SWIFT_VERSION = 5.0;
				TARGETED_DEVICE_FAMILY = 1;
			};
			name = Release;
		};
		7757C7F721A4F2700037999C /* Debug */ = {
			isa = XCBuildConfiguration;
			baseConfigurationReference = BC8565B02917914F8E4E23E8 /* Pods-iOSUtilsTests.debug.xcconfig */;
			buildSettings = {
				ALWAYS_EMBED_SWIFT_STANDARD_LIBRARIES = YES;
				BUNDLE_LOADER = "$(TEST_HOST)";
				CODE_SIGN_STYLE = Automatic;
				DEVELOPMENT_TEAM = 83LX8MTQKZ;
				INFOPLIST_FILE = iOSUtilsTests/Info.plist;
				LD_RUNPATH_SEARCH_PATHS = (
					"$(inherited)",
					"@executable_path/Frameworks",
					"@loader_path/Frameworks",
				);
				PRODUCT_BUNDLE_IDENTIFIER = com.wushhhhhh.iOSUtilsTests;
				PRODUCT_NAME = "$(TARGET_NAME)";
				SWIFT_VERSION = 4.2;
				TARGETED_DEVICE_FAMILY = "1,2";
				TEST_HOST = "$(BUILT_PRODUCTS_DIR)/iOSUtils.app/iOSUtils";
			};
			name = Debug;
		};
		7757C7F821A4F2700037999C /* Release */ = {
			isa = XCBuildConfiguration;
			baseConfigurationReference = 00A2988FB48275144C3E335C /* Pods-iOSUtilsTests.release.xcconfig */;
			buildSettings = {
				ALWAYS_EMBED_SWIFT_STANDARD_LIBRARIES = YES;
				BUNDLE_LOADER = "$(TEST_HOST)";
				CODE_SIGN_STYLE = Automatic;
				DEVELOPMENT_TEAM = 83LX8MTQKZ;
				INFOPLIST_FILE = iOSUtilsTests/Info.plist;
				LD_RUNPATH_SEARCH_PATHS = (
					"$(inherited)",
					"@executable_path/Frameworks",
					"@loader_path/Frameworks",
				);
				PRODUCT_BUNDLE_IDENTIFIER = com.wushhhhhh.iOSUtilsTests;
				PRODUCT_NAME = "$(TARGET_NAME)";
				SWIFT_VERSION = 4.2;
				TARGETED_DEVICE_FAMILY = "1,2";
				TEST_HOST = "$(BUILT_PRODUCTS_DIR)/iOSUtils.app/iOSUtils";
			};
			name = Release;
		};
		7757C7FA21A4F2700037999C /* Debug */ = {
			isa = XCBuildConfiguration;
			baseConfigurationReference = 22948377D604F7C5AC8DD52D /* Pods-iOSUtilsUITests.debug.xcconfig */;
			buildSettings = {
				ALWAYS_EMBED_SWIFT_STANDARD_LIBRARIES = YES;
				CODE_SIGN_STYLE = Automatic;
				DEVELOPMENT_TEAM = 83LX8MTQKZ;
				INFOPLIST_FILE = iOSUtilsUITests/Info.plist;
				LD_RUNPATH_SEARCH_PATHS = (
					"$(inherited)",
					"@executable_path/Frameworks",
					"@loader_path/Frameworks",
				);
				PRODUCT_BUNDLE_IDENTIFIER = com.wushhhhhh.iOSUtilsUITests;
				PRODUCT_NAME = "$(TARGET_NAME)";
				SWIFT_VERSION = 4.2;
				TARGETED_DEVICE_FAMILY = "1,2";
				TEST_TARGET_NAME = iOSUtils;
			};
			name = Debug;
		};
		7757C7FB21A4F2700037999C /* Release */ = {
			isa = XCBuildConfiguration;
			baseConfigurationReference = 6A13B6A555DE844A73C490E6 /* Pods-iOSUtilsUITests.release.xcconfig */;
			buildSettings = {
				ALWAYS_EMBED_SWIFT_STANDARD_LIBRARIES = YES;
				CODE_SIGN_STYLE = Automatic;
				DEVELOPMENT_TEAM = 83LX8MTQKZ;
				INFOPLIST_FILE = iOSUtilsUITests/Info.plist;
				LD_RUNPATH_SEARCH_PATHS = (
					"$(inherited)",
					"@executable_path/Frameworks",
					"@loader_path/Frameworks",
				);
				PRODUCT_BUNDLE_IDENTIFIER = com.wushhhhhh.iOSUtilsUITests;
				PRODUCT_NAME = "$(TARGET_NAME)";
				SWIFT_VERSION = 4.2;
				TARGETED_DEVICE_FAMILY = "1,2";
				TEST_TARGET_NAME = iOSUtils;
			};
			name = Release;
		};
/* End XCBuildConfiguration section */

/* Begin XCConfigurationList section */
		7757C7C621A4F26F0037999C /* Build configuration list for PBXProject "iOSUtils" */ = {
			isa = XCConfigurationList;
			buildConfigurations = (
				7757C7F121A4F2700037999C /* Debug */,
				7757C7F221A4F2700037999C /* Release */,
			);
			defaultConfigurationIsVisible = 0;
			defaultConfigurationName = Release;
		};
		7757C7F321A4F2700037999C /* Build configuration list for PBXNativeTarget "iOSUtils" */ = {
			isa = XCConfigurationList;
			buildConfigurations = (
				7757C7F421A4F2700037999C /* Debug */,
				7757C7F521A4F2700037999C /* Release */,
			);
			defaultConfigurationIsVisible = 0;
			defaultConfigurationName = Release;
		};
		7757C7F621A4F2700037999C /* Build configuration list for PBXNativeTarget "iOSUtilsTests" */ = {
			isa = XCConfigurationList;
			buildConfigurations = (
				7757C7F721A4F2700037999C /* Debug */,
				7757C7F821A4F2700037999C /* Release */,
			);
			defaultConfigurationIsVisible = 0;
			defaultConfigurationName = Release;
		};
		7757C7F921A4F2700037999C /* Build configuration list for PBXNativeTarget "iOSUtilsUITests" */ = {
			isa = XCConfigurationList;
			buildConfigurations = (
				7757C7FA21A4F2700037999C /* Debug */,
				7757C7FB21A4F2700037999C /* Release */,
			);
			defaultConfigurationIsVisible = 0;
			defaultConfigurationName = Release;
		};
/* End XCConfigurationList section */
	};
	rootObject = 7757C7C321A4F26F0037999C /* Project object */;
}
